GIT
  remote: https://github.com/rurema/bitclust.git
  revision: a1e43a5aee2959c8451e65ae31987ad842603a90
  specs:
    bitclust-core (1.5.0)
      drb
      json
      nkf
      progressbar (>= 1.9.0, < 2.0)
      rack
      rouge
      webrick
    bitclust-dev (1.5.0)
      bitclust-core (= 1.5.0)
    refe2 (1.5.0)
      bitclust-core (= 1.5.0)

GEM
  remote: https://rubygems.org/
  specs:
    drb (2.2.3)
    json (2.20.0)
    nkf (0.3.0)
    progressbar (1.13.0)
    rack (3.2.6)
    rackup (2.1.0)
      rack (>= 3)
      webrick (~> 1.8)
    rake (13.2.1)
    rouge (5.0.0)
      strscan (~> 3.1)
    strscan (3.1.8)
    webrick (1.9.2)

PLATFORMS
  ruby
  x86_64-linux

DEPENDENCIES
  bitclust-core!
  bitclust-dev!
  rackup
  rake
  refe2!

BUNDLED WITH
   2.7.1
